
Microsoft Visual Studio Solution File, Format Version 12.00
# Visual Studio 15
VisualStudioVersion = 15.0.33026.149
MinimumVisualStudioVersion = 10.0.40219.1
Project("{9A19103F-16F7-4668-BE54-9A1E7A4F7556}") = "TestingProject", "TestingProject\TestingProject.csproj", "{C61A15A2-DB44-459D-A517-F7D8FFFAF623}"
EndProject
Global
	GlobalSection(SolutionConfigurationPlatforms) = preSolution
		Debug|Any CPU = Debug|Any CPU
		Release|Any CPU = Release|Any CPU
	EndGlobalSection
	GlobalSection(ProjectConfigurationPlatforms) = postSolution
		{C61A15A2-DB44-459D-A517-F7D8FFFAF623}.Debug|Any CPU.ActiveCfg = Debug|Any CPU
		{C61A15A2-DB44-459D-A517-F7D8FFFAF623}.Debug|Any CPU.Build.0 = Debug|Any CPU
		{C61A15A2-DB44-459D-A517-F7D8FFFAF623}.Release|Any CPU.ActiveCfg = Release|Any CPU
		{C61A15A2-DB44-459D-A517-F7D8FFFAF623}.Release|Any CPU.Build.0 = Release|Any CPU
	EndGlobalSection
	GlobalSection(SolutionProperties) = preSolution
		HideSolutionNode = FALSE
	EndGlobalSection
	GlobalSection(ExtensibilityGlobals) = postSolution
		SolutionGuid = {3836AE4C-7FCB-426C-84C2-E6969E3E92D8}
	EndGlobalSection
EndGlobal
